
Microsoft Visual Studio Solution File, Format Version 12.00
# Visual Studio Version 16
VisualStudioVersion = 16.0.31129.286
MinimumVisualStudioVersion = 10.0.40219.1
Project("{9A19103F-16F7-4668-BE54-9A1E7A4F7556}") = "EmployeePayrollMultithreading", "EmployeePayrollMultithreading\EmployeePayrollMultithreading.csproj", "{E4B7C711-EB55-419D-B30C-2A221FAC1CA2}"
EndProject
Project("{9A19103F-16F7-4668-BE54-9A1E7A4F7556}") = "TestProject1", "TestProject1\TestProject1.csproj", "{A18EF8BE-60C2-4C1F-965D-960E1C6A19DF}"
EndProject
Global
	GlobalSection(SolutionConfigurationPlatforms) = preSolution
		Debug|Any CPU = Debug|Any CPU
		Release|Any CPU = Release|Any CPU
	EndGlobalSection
	GlobalSection(ProjectConfigurationPlatforms) = postSolution
		{E4B7C711-EB55-419D-B30C-2A221FAC1CA2}.Debug|Any CPU.ActiveCfg = Debug|Any CPU
		{E4B7C711-EB55-419D-B30C-2A221FAC1CA2}.Debug|Any CPU.Build.0 = Debug|Any CPU
		{E4B7C711-EB55-419D-B30C-2A221FAC1CA2}.Release|Any CPU.ActiveCfg = Release|Any CPU
		{E4B7C711-EB55-419D-B30C-2A221FAC1CA2}.Release|Any CPU.Build.0 = Release|Any CPU
		{A18EF8BE-60C2-4C1F-965D-960E1C6A19DF}.Debug|Any CPU.ActiveCfg = Debug|Any CPU
		{A18EF8BE-60C2-4C1F-965D-960E1C6A19DF}.Debug|Any CPU.Build.0 = Debug|Any CPU
		{A18EF8BE-60C2-4C1F-965D-960E1C6A19DF}.Release|Any CPU.ActiveCfg = Release|Any CPU
		{A18EF8BE-60C2-4C1F-965D-960E1C6A19DF}.Release|Any CPU.Build.0 = Release|Any CPU
	EndGlobalSection
	GlobalSection(SolutionProperties) = preSolution
		HideSolutionNode = FALSE
	EndGlobalSection
	GlobalSection(ExtensibilityGlobals) = postSolution
		SolutionGuid = {06128A79-649A-4EE6-89C2-0F9B4752914C}
	EndGlobalSection
EndGlobal
